{
  "nodes": {
    "nixpkgs": {
      "locked": {
        "lastModified": 1774273680,
        "narHash": "sha256-a++tZ1RQsDb1I0NHrFwdGuRlR5TORvCEUksM459wKUA=",
        "owner": "nixos",
        "repo": "nixpkgs",
        "rev": "fdc7b8f7b30fdbedec91b71ed82f36e1637483ed",
        "type": "github"
      },
      "original": {
        "owner": "nixos",
        "ref": "nixpkgs-unstable",
        "repo": "nixpkgs",
        "type": "github"
      }
    },
    "nixpkgs-ghcjs": {
      "locked": {
        "lastModified": 1751996040,
        "narHash": "sha256-DOjNE+DYZ/YZo1UkXcJNlvSKEBowWATX6o4s0WuAzuA=",
        "owner": "nixos",
        "repo": "nixpkgs",
        "rev": "9e2e8a7878573d312db421d69e071690ec34e98c",
        "type": "github"
      },
      "original": {
        "owner": "nixos",
        "repo": "nixpkgs",
        "rev": "9e2e8a7878573d312db421d69e071690ec34e98c",
        "type": "github"
      }
    },
    "nixpkgs_2": {
      "locked": {
        "lastModified": 1751996040,
        "narHash": "sha256-DOjNE+DYZ/YZo1UkXcJNlvSKEBowWATX6o4s0WuAzuA=",
        "owner": "nixos",
        "repo": "nixpkgs",
        "rev": "9e2e8a7878573d312db421d69e071690ec34e98c",
        "type": "github"
      },
      "original": {
        "owner": "nixos",
        "repo": "nixpkgs",
        "rev": "9e2e8a7878573d312db421d69e071690ec34e98c",
        "type": "github"
      }
    },
    "nixpkgs_3": {
      "locked": {
        "lastModified": 1768414184,
        "narHash": "sha256-HphndsfhmCxbMa9RaFUnie9YOm6wqlYRywOEWyglYrc=",
        "owner": "NixOS",
        "repo": "nixpkgs",
        "rev": "5ca374dcc743a89261c266c993c5d66775fae109",
        "type": "github"
      },
      "original": {
        "owner": "NixOS",
        "repo": "nixpkgs",
        "type": "github"
      }
    },
    "root": {
      "inputs": {
        "nixpkgs": "nixpkgs",
        "nixpkgs-ghcjs": "nixpkgs-ghcjs",
        "sr-errors": "sr-errors"
      }
    },
    "sr-errors": {
      "inputs": {
        "nixpkgs": "nixpkgs_2",
        "userid": "userid"
      },
      "locked": {
        "lastModified": 1774495404,
        "narHash": "sha256-8Z/jHH7JmS1rRGX9a9l3Gg6oS+DqpF2T7Bd1H2N8H/0=",
        "owner": "seereason",
        "repo": "sr-errors",
        "rev": "ebbd0d6d8c585ad4118410da4116d32b2a957e5c",
        "type": "github"
      },
      "original": {
        "owner": "seereason",
        "ref": "ghc912",
        "repo": "sr-errors",
        "type": "github"
      }
    },
    "userid": {
      "inputs": {
        "nixpkgs": "nixpkgs_3"
      },
      "locked": {
        "lastModified": 1768415323,
        "narHash": "sha256-NNDTYJst9QegJs5Yva//HkH/1CpByF83mOJ4A2eS0Nk=",
        "owner": "seereason",
        "repo": "userid",
        "rev": "2b454b48b4c89c1392916a61f178f8c2c007c671",
        "type": "github"
      },
      "original": {
        "owner": "seereason",
        "repo": "userid",
        "type": "github"
      }
    }
  },
  "root": "root",
  "version": 7
}
